
Microsoft Visual Studio Solution File, Format Version 12.00
# Visual Studio 14
VisualStudioVersion = 14.0.24720.0
MinimumVisualStudioVersion = 10.0.40219.1
Project("{FAE04EC0-301F-11D3-BF4B-00C04F79EFBC}") = "RomanNumerals", "RomanNumerals\RomanNumerals.csproj", "{EEE1B6B1-572E-4E57-9E4F-07282B857EA8}"
EndProject
Project("{FAE04EC0-301F-11D3-BF4B-00C04F79EFBC}") = "GuideToTheGalaxy", "GuideToTheGalaxy\GuideToTheGalaxy.csproj", "{4DF8AF55-7008-4656-976F-C78A708CAF57}"
EndProject
Project("{FAE04EC0-301F-11D3-BF4B-00C04F79EFBC}") = "GuideToTheGalaxy.Tests", "GuideToTheGalaxy.Tests\GuideToTheGalaxy.Tests.csproj", "{6C9ED48E-17B5-42F8-8E41-439A4B7A2074}"
EndProject
Project("{FAE04EC0-301F-11D3-BF4B-00C04F79EFBC}") = "GuideConsole", "GuideConsole\GuideConsole.csproj", "{BCD3ADE7-C76A-4954-A000-E4A4B18E8260}"
EndProject
Global
	GlobalSection(SolutionConfigurationPlatforms) = preSolution
		Debug|Any CPU = Debug|Any CPU
		Release|Any CPU = Release|Any CPU
	EndGlobalSection
	GlobalSection(ProjectConfigurationPlatforms) = postSolution
		{EEE1B6B1-572E-4E57-9E4F-07282B857EA8}.Debug|Any CPU.ActiveCfg = Debug|Any CPU
		{EEE1B6B1-572E-4E57-9E4F-07282B857EA8}.Debug|Any CPU.Build.0 = Debug|Any CPU
		{EEE1B6B1-572E-4E57-9E4F-07282B857EA8}.Release|Any CPU.ActiveCfg = Release|Any CPU
		{EEE1B6B1-572E-4E57-9E4F-07282B857EA8}.Release|Any CPU.Build.0 = Release|Any CPU
		{4DF8AF55-7008-4656-976F-C78A708CAF57}.Debug|Any CPU.ActiveCfg = Debug|Any CPU
		{4DF8AF55-7008-4656-976F-C78A708CAF57}.Debug|Any CPU.Build.0 = Debug|Any CPU
		{4DF8AF55-7008-4656-976F-C78A708CAF57}.Release|Any CPU.ActiveCfg = Release|Any CPU
		{4DF8AF55-7008-4656-976F-C78A708CAF57}.Release|Any CPU.Build.0 = Release|Any CPU
		{6C9ED48E-17B5-42F8-8E41-439A4B7A2074}.Debug|Any CPU.ActiveCfg = Debug|Any CPU
		{6C9ED48E-17B5-42F8-8E41-439A4B7A2074}.Debug|Any CPU.Build.0 = Debug|Any CPU
		{6C9ED48E-17B5-42F8-8E41-439A4B7A2074}.Release|Any CPU.ActiveCfg = Release|Any CPU
		{6C9ED48E-17B5-42F8-8E41-439A4B7A2074}.Release|Any CPU.Build.0 = Release|Any CPU
		{BCD3ADE7-C76A-4954-A000-E4A4B18E8260}.Debug|Any CPU.ActiveCfg = Debug|Any CPU
		{BCD3ADE7-C76A-4954-A000-E4A4B18E8260}.Debug|Any CPU.Build.0 = Debug|Any CPU
		{BCD3ADE7-C76A-4954-A000-E4A4B18E8260}.Release|Any CPU.ActiveCfg = Release|Any CPU
		{BCD3ADE7-C76A-4954-A000-E4A4B18E8260}.Release|Any CPU.Build.0 = Release|Any CPU
	EndGlobalSection
	GlobalSection(SolutionProperties) = preSolution
		HideSolutionNode = FALSE
	EndGlobalSection
EndGlobal
